{
  "name": "webchatproxy",
  "version": "2.1.0",
  "lockfileVersion": 3,
  "requires": true,
  "packages": {
    "": {
      "name": "webchatproxy",
      "version": "2.1.0",
      "dependencies": {
        "@kudoai/chatgpt.js": "^4.15.6",
        "playwright": "^1.61.1",
        "ws": "^8.18.0"
      }
    },
    "node_modules/@kudoai/ai-personas": {
      "version": "1.14.0",
      "resolved": "https://registry.npmjs.org/@kudoai/ai-personas/-/ai-personas-1.14.0.tgz",
      "integrity": "sha512-//8Ya9oVRw+rBD1S6LMdZodxH/E1rOI3XUDvVkf4oa6qv9ta/gJnvKyq/DBKMqlaf0oTUSnQx6TmsTOdV4WrZw==",
      "funding": [
        {
          "type": "github",
          "url": "http://github.com/sponsors/KudoAI"
        }
      ],
      "license": "MIT",
      "engines": {
        "node": ">=4.0.0"
      }
    },
    "node_modules/@kudoai/chatgpt.js": {
      "version": "4.15.6",
      "resolved": "https://registry.npmjs.org/@kudoai/chatgpt.js/-/chatgpt.js-4.15.6.tgz",
      "integrity": "sha512-TNuF4UHbi9QCyN4VCVpSbYeO+/Y7UKof4O4Q/K3n/VEF3m5Bbl8S5JQ5wtttR95iRTLgZbSbiVcl14B1hdSfEw==",
      "funding": [
        {
          "type": "github",
          "url": "http://github.com/sponsors/KudoAI"
        }
      ],
      "license": "MIT",
      "dependencies": {
        "@kudoai/ai-personas": "^1.14.0",
        "@kudoai/dom.js": "^2.5.1",
        "@kudoai/feedback.js": "^1.3.0",
        "@kudoai/grim": "^0.3.4",
        "@kudoai/showdown": "^2.1.0",
        "@kudoai/tldts": "^7.0.16",
        "@kudoai/url.js": "^1.3.0",
        "@kudoai/userscript-meta": "^3.8.5"
      }
    },
    "node_modules/@kudoai/dom.js": {
      "version": "2.5.1",
      "resolved": "https://registry.npmjs.org/@kudoai/dom.js/-/dom.js-2.5.1.tgz",
      "integrity": "sha512-yd67r7KTDd1/7daSRoViCzlWRLla1pNuV3RhlphlADiDcuSUFo+sQaARCUWaOjAaJnIJkwgeCfSyilRzHMmNoA==",
      "funding": [
        {
          "type": "github",
          "url": "http://github.com/sponsors/KudoAI"
        }
      ],
      "license": "MIT"
    },
    "node_modules/@kudoai/feedback.js": {
      "version": "1.3.0",
      "resolved": "https://registry.npmjs.org/@kudoai/feedback.js/-/feedback.js-1.3.0.tgz",
      "integrity": "sha512-Gv/DHVqQ4sdvMJxLem/f/YMGE4X8l6UBNY5UaNyBW/SAmzg9jBt24BKji0IWneSIhkseQf2VmI9yKezgV/IXiQ==",
      "funding": [
        {
          "type": "github",
          "url": "http://github.com/sponsors/KudoAI"
        }
      ],
      "license": "MIT"
    },
    "node_modules/@kudoai/grim": {
      "version": "0.3.4",
      "resolved": "https://registry.npmjs.org/@kudoai/grim/-/grim-0.3.4.tgz",
      "integrity": "sha512-H2UHEbQ4DEtSL4JzA/Nf+PDw7O/z4IJW2oHxu/jvN+rh0gGxJB2w3fSoFeBHCr9jL5nJ8lrQDS42IjSJzV7hCA==",
      "funding": [
        {
          "type": "github",
          "url": "http://github.com/sponsors/KudoAI"
        }
      ],
      "license": "MIT"
    },
    "node_modules/@kudoai/showdown": {
      "version": "2.1.0",
      "resolved": "https://registry.npmjs.org/@kudoai/showdown/-/showdown-2.1.0.tgz",
      "integrity": "sha512-jH1Ww4eIYRePykrGKGIvDvgePghLjaobWyZTqaijRPgFaFSoyq+5j9LwD/tOeoeWG0euMhzEuvA9G+0e2cYrVA==",
      "license": "MIT",
      "bin": {
        "showdown": "./bin/showdown.js"
      }
    },
    "node_modules/@kudoai/tldts": {
      "version": "7.0.16",
      "resolved": "https://registry.npmjs.org/@kudoai/tldts/-/tldts-7.0.16.tgz",
      "integrity": "sha512-f/nYn8IHpJFXT7IVcGPbUtaMwWxVSwa8mxVoi+QRtUn8NYPz5xJWpUyVSQXUiQyMteZHuEq3jVTpQJ1F5PGvAw==",
      "license": "MIT",
      "dependencies": {
        "@kudoai/tldts-core": "7.0.16"
      }
    },
    "node_modules/@kudoai/tldts-core": {
      "version": "7.0.16",
      "resolved": "https://registry.npmjs.org/@kudoai/tldts-core/-/tldts-core-7.0.16.tgz",
      "integrity": "sha512-oLZNsfJYkQY+/9DKv+MEp+2JR00n+gOrKJiuYcM+hU6cK3o+V/VMn7Ldb0TyZkln+VzquFfIxdTgX0d6b0yNAA==",
      "license": "MIT"
    },
    "node_modules/@kudoai/url.js": {
      "version": "1.3.0",
      "resolved": "https://registry.npmjs.org/@kudoai/url.js/-/url.js-1.3.0.tgz",
      "integrity": "sha512-3H8QJKPtUbCdNKQCm/DJGVnMhMR9OZmInDGudF4KuMDznTDbeEzuyVc3/TBwKSqRii/6gjK7ELjkyhhwB3e3lQ==",
      "funding": [
        {
          "type": "github",
          "url": "http://github.com/sponsors/KudoAI"
        }
      ],
      "license": "MIT"
    },
    "node_modules/@kudoai/userscript-meta": {
      "version": "3.8.5",
      "resolved": "https://registry.npmjs.org/@kudoai/userscript-meta/-/userscript-meta-3.8.5.tgz",
      "integrity": "sha512-KQ9gvKZKoYuIMyUX5K1bKtcOo23PyyGsEnGI46+kni7GDVN0eLhbX7mA7xpOqjsGQWQMi25LnX3v6zOtn/l7aw==",
      "funding": [
        {
          "type": "github",
          "url": "http://github.com/sponsors/KudoAI"
        }
      ],
      "license": "MIT"
    },
    "node_modules/playwright": {
      "version": "1.61.1",
      "resolved": "https://registry.npmjs.org/playwright/-/playwright-1.61.1.tgz",
      "integrity": "sha512-zD1e2X4Up/Ldqpu0qJpC1BPMfVTRFTgdH3Qx1xJ0y7r6Oy8e8VhkSBToWzB+B8GnHB1YR/d+BJRz5LvTJXUHSg==",
      "license": "Apache-2.0",
      "dependencies": {
        "playwright-core": "1.61.1"
      },
      "bin": {
        "playwright": "cli.js"
      },
      "engines": {
        "node": ">=18"
      }
    },
    "node_modules/playwright-core": {
      "version": "1.61.1",
      "resolved": "https://registry.npmjs.org/playwright-core/-/playwright-core-1.61.1.tgz",
      "integrity": "sha512-TcQfIVLLJx/wQxb49vHlo7aO+KfR6EXH0+JbPwOdmfO9UIG89BCXv8Xv/XkF5h5y5l2h5U2l4vOo3JH4ZMlBZA==",
      "license": "Apache-2.0",
      "bin": {
        "playwright-core": "cli.js"
      },
      "engines": {
        "node": ">=18"
      }
    },
    "node_modules/ws": {
      "version": "8.18.0",
      "resolved": "https://registry.npmjs.org/ws/-/ws-8.18.0.tgz",
      "integrity": "sha512-0TE4iTgPVa76jKnIlGIjULqpDp1Y6eQK+BHs+Wq1+9T1WjpMDjM4hJgR4Rs5gLY9hYjV8fVW7lN9xgtF5y8gFg==",
      "license": "MIT",
      "engines": {
        "node": ">=10.0.0"
      },
      "peerDependencies": {
        "bufferutil": "^4.0.1",
        "utf-8-validate": ">=5.0.2"
      },
      "peerDependenciesMeta": {
        "bufferutil": {
          "optional": true
        },
        "utf-8-validate": {
          "optional": true
        }
      }
    }
  }
}
